<?xml version="1.0" encoding="utf-8"?>
<Project ToolsVersion="4.0" xmlns="http://schemas.microsoft.com/developer/msbuild/2003">
  <ItemGroup>
    <Filter Include="Header Files">
      <UniqueIdentifier>{e7eb1a13-f7b0-40da-a7a2-f6a9e83353ba}</UniqueIdentifier>
    </Filter>
    <Filter Include="Header Files\operational_system">
      <UniqueIdentifier>{447592ee-992c-44eb-9ac7-bf07597490ba}</UniqueIdentifier>
    </Filter>
    <Filter Include="Header Files\operational_system\cross">
      <UniqueIdentifier>{e4736a7b-ca41-4730-adef-c90de16ba7e1}</UniqueIdentifier>
    </Filter>
    <Filter Include="Header Files\operational_system\cross\general">
      <UniqueIdentifier>{9a0c6785-f826-45f2-9967-91d1b1339a30}</UniqueIdentifier>
    </Filter>
    <Filter Include="Header Files\operational_system\cross\linux">
      <UniqueIdentifier>{8b076375-9139-482c-8311-12802acea98d}</UniqueIdentifier>
    </Filter>
    <Filter Include="Source Files">
      <UniqueIdentifier>{17817791-616d-41a9-a3fe-30c324045daf}</UniqueIdentifier>
    </Filter>
    <Filter Include="Header Files\operational_system\cross\windows">
      <UniqueIdentifier>{ce0c97b9-ff16-41ad-a3e9-38d07b61d26f}</UniqueIdentifier>
    </Filter>
    <Filter Include="Header Files\operational_system\template">
      <UniqueIdentifier>{c8acb731-a5af-499d-8d46-47c6d2ca0cbf}</UniqueIdentifier>
    </Filter>
    <Filter Include="Header Files\operational_system\NewFilter1">
      <UniqueIdentifier>{dcaa0965-00c1-4687-9d5b-4089aec346f4}</UniqueIdentifier>
    </Filter>
  </ItemGroup>
  <ItemGroup>
    <ClCompile Include="framework.cpp">
      <Filter>Source Files</Filter>
    </ClCompile>
    <ClCompile Include="metrowin_afxabort.cpp">
      <Filter>Source Files</Filter>
    </ClCompile>
    <ClCompile Include="metrowin.cpp">
      <Filter>Source Files</Filter>
    </ClCompile>
    <ClCompile Include="metrowin1.cpp">
      <Filter>Source Files</Filter>
    </ClCompile>
    <ClCompile Include="metrowin2.cpp">
      <Filter>Source Files</Filter>
    </ClCompile>
    <ClCompile Include="metrowin_afxmem.cpp">
      <Filter>Source Files</Filter>
    </ClCompile>
    <ClCompile Include="metrowin_afxstate.cpp">
      <Filter>Source Files</Filter>
    </ClCompile>
    <ClCompile Include="metrowin_appcore.cpp">
      <Filter>Source Files</Filter>
    </ClCompile>
    <ClCompile Include="metrowin_appinit.cpp">
      <Filter>Source Files</Filter>
    </ClCompile>
    <ClCompile Include="metrowin_application.cpp">
      <Filter>Source Files</Filter>
    </ClCompile>
    <ClCompile Include="metrowin_appmodul.cpp">
      <Filter>Source Files</Filter>
    </ClCompile>
    <ClCompile Include="metrowin_appterm.cpp">
      <Filter>Source Files</Filter>
    </ClCompile>
    <ClCompile Include="metrowin_copydesk.cpp">
      <Filter>Source Files</Filter>
    </ClCompile>
    <ClCompile Include="metrowin_dir.cpp">
      <Filter>Source Files</Filter>
    </ClCompile>
    <ClCompile Include="metrowin_dumpinit.cpp">
      <Filter>Source Files</Filter>
    </ClCompile>
    <ClCompile Include="metrowin_error.cpp">
      <Filter>Source Files</Filter>
    </ClCompile>
    <ClCompile Include="metrowin_except.cpp">
      <Filter>Source Files</Filter>
    </ClCompile>
    <ClCompile Include="metrowin_factory_exchange.cpp">
      <Filter>Source Files</Filter>
    </ClCompile>
    <ClCompile Include="metrowin_file.cpp">
      <Filter>Source Files</Filter>
    </ClCompile>
    <ClCompile Include="metrowin_file_set.cpp">
      <Filter>Source Files</Filter>
    </ClCompile>
    <ClCompile Include="metrowin_file_system.cpp">
      <Filter>Source Files</Filter>
    </ClCompile>
    <ClCompile Include="metrowin_folder_watch.cpp">
      <Filter>Source Files</Filter>
    </ClCompile>
    <ClCompile Include="metrowin_handle.cpp">
      <Filter>Source Files</Filter>
    </ClCompile>
    <ClCompile Include="metrowin_ip_enum.cpp">
      <Filter>Source Files</Filter>
    </ClCompile>
    <ClCompile Include="metrowin_main.cpp">
      <Filter>Source Files</Filter>
    </ClCompile>
    <ClCompile Include="metrowin_os.cpp">
      <Filter>Source Files</Filter>
    </ClCompile>
    <ClCompile Include="metrowin_port_forward.cpp">
      <Filter>Source Files</Filter>
    </ClCompile>
    <ClCompile Include="metrowin_preview_dc.cpp">
      <Filter>Source Files</Filter>
    </ClCompile>
    <ClCompile Include="metrowin_registry.cpp">
      <Filter>Source Files</Filter>
    </ClCompile>
    <ClCompile Include="metrowin_resource.cpp">
      <Filter>Source Files</Filter>
    </ClCompile>
    <ClCompile Include="metrowin_shell.cpp">
      <Filter>Source Files</Filter>
    </ClCompile>
    <ClCompile Include="metrowin_stdio_file.cpp">
      <Filter>Source Files</Filter>
    </ClCompile>
    <ClCompile Include="metrowin_thread.cpp">
      <Filter>Source Files</Filter>
    </ClCompile>
    <ClCompile Include="metrowin_thread_local_storage.cpp">
      <Filter>Source Files</Filter>
    </ClCompile>
    <ClCompile Include="metrowin_trace.cpp">
      <Filter>Source Files</Filter>
    </ClCompile>
    <ClCompile Include="metrowin_uac_tools.cpp">
      <Filter>Source Files</Filter>
    </ClCompile>
    <ClCompile Include="metrowin_util.cpp">
      <Filter>Source Files</Filter>
    </ClCompile>
    <ClCompile Include="metrowin_window.cpp">
      <Filter>Source Files</Filter>
    </ClCompile>
    <ClCompile Include="metrowin_window_draw.cpp">
      <Filter>Source Files</Filter>
    </ClCompile>
    <ClCompile Include="metrowin_file_find.cpp">
      <Filter>Source Files</Filter>
    </ClCompile>
    <ClCompile Include="metrowin_directx.cpp">
      <Filter>Source Files</Filter>
    </ClCompile>
    <ClCompile Include="metrowin_directx_application.cpp">
      <Filter>Source Files</Filter>
    </ClCompile>
    <ClCompile Include="metrowin_printer.cpp">
      <Filter>Source Files</Filter>
    </ClCompile>
    <ClCompile Include="metrowin_crypto.cpp">
      <Filter>Source Files</Filter>
    </ClCompile>
  </ItemGroup>
  <ItemGroup>
    <ClInclude Include="framework.h">
      <Filter>Header Files</Filter>
    </ClInclude>
    <ClInclude Include="template\core.h">
      <Filter>Header Files\operational_system\template</Filter>
    </ClInclude>
    <ClInclude Include="..\operational_system\bare_operational_system.h">
      <Filter>Header Files\operational_system</Filter>
    </ClInclude>
    <ClInclude Include="..\operational_system\get_platform.h">
      <Filter>Header Files\operational_system</Filter>
    </ClInclude>
    <ClInclude Include="..\operational_system\operational_system.h">
      <Filter>Header Files\operational_system</Filter>
    </ClInclude>
    <ClInclude Include="..\operational_system\version.h">
      <Filter>Header Files\operational_system</Filter>
    </ClInclude>
    <ClInclude Include="..\operational_system\version_configuration.h">
      <Filter>Header Files\operational_system</Filter>
    </ClInclude>
    <ClInclude Include="..\operational_system\version_cpu.h">
      <Filter>Header Files\operational_system</Filter>
    </ClInclude>
    <ClInclude Include="..\operational_system\version_dll.h">
      <Filter>Header Files\operational_system</Filter>
    </ClInclude>
    <ClInclude Include="..\operational_system\_.h">
      <Filter>Header Files\operational_system</Filter>
    </ClInclude>
    <ClInclude Include="..\operational_system\cross\cross.h">
      <Filter>Header Files\operational_system\cross</Filter>
    </ClInclude>
    <ClInclude Include="..\operational_system\cross\general\general.h">
      <Filter>Header Files\operational_system\cross\general</Filter>
    </ClInclude>
    <ClInclude Include="..\operational_system\cross\general\general_windows.h">
      <Filter>Header Files\operational_system\cross\general</Filter>
    </ClInclude>
    <ClInclude Include="..\operational_system\cross\linux\linux.h">
      <Filter>Header Files\operational_system\cross\linux</Filter>
    </ClInclude>
    <ClInclude Include="..\operational_system\cross\linux\linux_datetime.h">
      <Filter>Header Files\operational_system\cross\linux</Filter>
    </ClInclude>
    <ClInclude Include="..\operational_system\cross\linux\linux_file.h">
      <Filter>Header Files\operational_system\cross\linux</Filter>
    </ClInclude>
    <ClInclude Include="..\operational_system\cross\windows\win.h">
      <Filter>Header Files\operational_system\cross\windows</Filter>
    </ClInclude>
    <ClInclude Include="..\operational_system\version_windows.h">
      <Filter>Header Files\operational_system</Filter>
    </ClInclude>
    <ClInclude Include="..\operational_system\oswindow.h">
      <Filter>Header Files\operational_system</Filter>
    </ClInclude>
    <ClInclude Include="metrowin.h">
      <Filter>Header Files</Filter>
    </ClInclude>
    <ClInclude Include="metrowin1.h">
      <Filter>Header Files</Filter>
    </ClInclude>
    <ClInclude Include="metrowin_application.h">
      <Filter>Header Files</Filter>
    </ClInclude>
    <ClInclude Include="metrowin_copydesk.h">
      <Filter>Header Files</Filter>
    </ClInclude>
    <ClInclude Include="metrowin_dir.h">
      <Filter>Header Files</Filter>
    </ClInclude>
    <ClInclude Include="metrowin_exception.h">
      <Filter>Header Files</Filter>
    </ClInclude>
    <ClInclude Include="metrowin_factory_exchange.h">
      <Filter>Header Files</Filter>
    </ClInclude>
    <ClInclude Include="metrowin_file.h">
      <Filter>Header Files</Filter>
    </ClInclude>
    <ClInclude Include="metrowin_file_set.h">
      <Filter>Header Files</Filter>
    </ClInclude>
    <ClInclude Include="metrowin_file_system.h">
      <Filter>Header Files</Filter>
    </ClInclude>
    <ClInclude Include="metrowin_folder_watch.h">
      <Filter>Header Files</Filter>
    </ClInclude>
    <ClInclude Include="metrowin_handle.h">
      <Filter>Header Files</Filter>
    </ClInclude>
    <ClInclude Include="metrowin_implementation.h">
      <Filter>Header Files</Filter>
    </ClInclude>
    <ClInclude Include="metrowin_internal.h">
      <Filter>Header Files</Filter>
    </ClInclude>
    <ClInclude Include="metrowin_ip_enum.h">
      <Filter>Header Files</Filter>
    </ClInclude>
    <ClInclude Include="metrowin_os.h">
      <Filter>Header Files</Filter>
    </ClInclude>
    <ClInclude Include="metrowin_port_forward.h">
      <Filter>Header Files</Filter>
    </ClInclude>
    <ClInclude Include="metrowin_printer.h">
      <Filter>Header Files</Filter>
    </ClInclude>
    <ClInclude Include="metrowin_registry.h">
      <Filter>Header Files</Filter>
    </ClInclude>
    <ClInclude Include="metrowin_resource.h">
      <Filter>Header Files</Filter>
    </ClInclude>
    <ClInclude Include="metrowin_shell.h">
      <Filter>Header Files</Filter>
    </ClInclude>
    <ClInclude Include="metrowin_state.h">
      <Filter>Header Files</Filter>
    </ClInclude>
    <ClInclude Include="metrowin_stdio_file.h">
      <Filter>Header Files</Filter>
    </ClInclude>
    <ClInclude Include="metrowin_thread.h">
      <Filter>Header Files</Filter>
    </ClInclude>
    <ClInclude Include="metrowin_thread_slots.h">
      <Filter>Header Files</Filter>
    </ClInclude>
    <ClInclude Include="metrowin_window.h">
      <Filter>Header Files</Filter>
    </ClInclude>
    <ClInclude Include="metrowin_window_draw.h">
      <Filter>Header Files</Filter>
    </ClInclude>
    <ClInclude Include="metrowin_file_find.h">
      <Filter>Header Files</Filter>
    </ClInclude>
    <ClInclude Include="metrowin_uac_tools.h">
      <Filter>Header Files</Filter>
    </ClInclude>
    <ClInclude Include="metrowin_directx.h">
      <Filter>Header Files</Filter>
    </ClInclude>
    <ClInclude Include="metrowin_directx_application.h">
      <Filter>Header Files</Filter>
    </ClInclude>
    <ClInclude Include="..\operational_system\integer_type.h">
      <Filter>Header Files\operational_system</Filter>
    </ClInclude>
    <ClInclude Include="..\operational_system\standard_integer.h">
      <Filter>Header Files\operational_system</Filter>
    </ClInclude>
    <ClInclude Include="factory_exchange.h">
      <Filter>Header Files</Filter>
    </ClInclude>
    <ClInclude Include="..\operational_system\cross\windows\win_common_controls.h">
      <Filter>Header Files\operational_system\cross\windows</Filter>
    </ClInclude>
    <ClInclude Include="..\operational_system\_c.h">
      <Filter>Header Files\operational_system</Filter>
    </ClInclude>
    <ClInclude Include="..\operational_system\_ca.h">
      <Filter>Header Files\operational_system</Filter>
    </ClInclude>
    <ClInclude Include="..\operational_system\config.h">
      <Filter>Header Files\operational_system</Filter>
    </ClInclude>
    <ClInclude Include="..\operational_system\cross\windows\inaddr.h">
      <Filter>Header Files\operational_system\cross\windows</Filter>
    </ClInclude>
    <ClInclude Include="..\operational_system\cross\windows\in6addr.h">
      <Filter>Header Files\operational_system\cross\windows</Filter>
    </ClInclude>
    <ClInclude Include="..\operational_system\cross\windows\win_ntstatus.h">
      <Filter>Header Files\operational_system\cross\windows</Filter>
    </ClInclude>
    <ClInclude Include="..\operational_system\cross\windows\win_nls.h">
      <Filter>Header Files\operational_system\cross\windows</Filter>
    </ClInclude>
    <ClInclude Include="metrowin_crypto.h">
      <Filter>Header Files</Filter>
    </ClInclude>
  </ItemGroup>
  <ItemGroup>
    <None Include="os.def">
      <Filter>Source Files</Filter>
    </None>
  </ItemGroup>
</Project>